
Microsoft Visual Studio Solution File, Format Version 12.00
# Visual Studio Version 16
VisualStudioVersion = 16.0.30011.22
MinimumVisualStudioVersion = 10.0.40219.1
Project("{2150E333-8FDC-42A3-9474-1A3956D46DE8}") = "API", "API", "{C6068B94-676B-4103-B7A7-E510DFD777DE}"
EndProject
Project("{2150E333-8FDC-42A3-9474-1A3956D46DE8}") = "Application", "Application", "{F3789A8D-5FBF-4A5F-A0A0-8D03E9AAF5A7}"
EndProject
Project("{2150E333-8FDC-42A3-9474-1A3956D46DE8}") = "Domain", "Domain", "{10688D31-8268-4AB8-B742-BEB9701B70F3}"
EndProject
Project("{2150E333-8FDC-42A3-9474-1A3956D46DE8}") = "Infra", "Infra", "{8CD42BCA-BFFB-4424-BF4A-F75B60383C0B}"
EndProject
Project("{2150E333-8FDC-42A3-9474-1A3956D46DE8}") = "Shared", "Shared", "{7971DA02-E2D4-406E-84B4-232800522E96}"
EndProject
Project("{2150E333-8FDC-42A3-9474-1A3956D46DE8}") = "Tests", "Tests", "{981802E1-3F47-4B71-95EF-6DA179762881}"
EndProject
Project("{FAE04EC0-301F-11D3-BF4B-00C04F79EFBC}") = "Contoso.Store.Domain", "Contoso.Store.Domain\Contoso.Store.Domain.csproj", "{6A143FEA-CE72-499E-8335-A515EE557A90}"
EndProject
Project("{FAE04EC0-301F-11D3-BF4B-00C04F79EFBC}") = "Contoso.Store.Shared", "Contoso.Store.Shared\Contoso.Store.Shared.csproj", "{129CD446-075C-4EFC-8B01-DA04D6E3C165}"
EndProject
Global
	GlobalSection(SolutionConfigurationPlatforms) = preSolution
		Debug|Any CPU = Debug|Any CPU
		Release|Any CPU = Release|Any CPU
	EndGlobalSection
	GlobalSection(ProjectConfigurationPlatforms) = postSolution
		{6A143FEA-CE72-499E-8335-A515EE557A90}.Debug|Any CPU.ActiveCfg = Debug|Any CPU
		{6A143FEA-CE72-499E-8335-A515EE557A90}.Debug|Any CPU.Build.0 = Debug|Any CPU
		{6A143FEA-CE72-499E-8335-A515EE557A90}.Release|Any CPU.ActiveCfg = Release|Any CPU
		{6A143FEA-CE72-499E-8335-A515EE557A90}.Release|Any CPU.Build.0 = Release|Any CPU
		{129CD446-075C-4EFC-8B01-DA04D6E3C165}.Debug|Any CPU.ActiveCfg = Debug|Any CPU
		{129CD446-075C-4EFC-8B01-DA04D6E3C165}.Debug|Any CPU.Build.0 = Debug|Any CPU
		{129CD446-075C-4EFC-8B01-DA04D6E3C165}.Release|Any CPU.ActiveCfg = Release|Any CPU
		{129CD446-075C-4EFC-8B01-DA04D6E3C165}.Release|Any CPU.Build.0 = Release|Any CPU
	EndGlobalSection
	GlobalSection(SolutionProperties) = preSolution
		HideSolutionNode = FALSE
	EndGlobalSection
	GlobalSection(NestedProjects) = preSolution
		{6A143FEA-CE72-499E-8335-A515EE557A90} = {10688D31-8268-4AB8-B742-BEB9701B70F3}
		{129CD446-075C-4EFC-8B01-DA04D6E3C165} = {7971DA02-E2D4-406E-84B4-232800522E96}
	EndGlobalSection
	GlobalSection(ExtensibilityGlobals) = postSolution
		SolutionGuid = {51AFFFBB-7241-4600-9072-EE53B8B5D109}
	EndGlobalSection
EndGlobal
